
Microsoft Visual Studio Solution File, Format Version 12.00
# Visual Studio 15
VisualStudioVersion = 15.0.28307.572
MinimumVisualStudioVersion = 10.0.40219.1
Project("{8BC9CEB8-8B4A-11D0-8D11-00A0C91BC942}") = "freeglut", "freeglut.vcxproj", "{87D9FC69-9D26-49BB-B833-66779054AAC0}"
EndProject
Global
	GlobalSection(SolutionConfigurationPlatforms) = preSolution
		Debug|x64 = Debug|x64
		Debug|x86 = Debug|x86
		Release|x64 = Release|x64
		Release|x86 = Release|x86
	EndGlobalSection
	GlobalSection(ProjectConfigurationPlatforms) = postSolution
		{87D9FC69-9D26-49BB-B833-66779054AAC0}.Debug|x64.ActiveCfg = Debug|x64
		{87D9FC69-9D26-49BB-B833-66779054AAC0}.Debug|x64.Build.0 = Debug|x64
		{87D9FC69-9D26-49BB-B833-66779054AAC0}.Debug|x86.ActiveCfg = Debug|Win32
		{87D9FC69-9D26-49BB-B833-66779054AAC0}.Debug|x86.Build.0 = Debug|Win32
		{87D9FC69-9D26-49BB-B833-66779054AAC0}.Release|x64.ActiveCfg = Release|x64
		{87D9FC69-9D26-49BB-B833-66779054AAC0}.Release|x64.Build.0 = Release|x64
		{87D9FC69-9D26-49BB-B833-66779054AAC0}.Release|x86.ActiveCfg = Release|Win32
		{87D9FC69-9D26-49BB-B833-66779054AAC0}.Release|x86.Build.0 = Release|Win32
	EndGlobalSection
	GlobalSection(SolutionProperties) = preSolution
		HideSolutionNode = FALSE
	EndGlobalSection
	GlobalSection(ExtensibilityGlobals) = postSolution
		SolutionGuid = {9DCA3A49-0D56-42C7-BCA6-1E3E6098532E}
	EndGlobalSection
EndGlobal
