Microsoft Visual Studio Solution File, Format Version 8.00
Project("{8BC9CEB8-8B4A-11D0-8D11-00A0C91BC942}") = "glui", "glui.vcproj", "{69DA368D-E608-4049-A295-0E88E90F3D0E}"
	ProjectSection(ProjectDependencies) = postProject
	EndProjectSection
EndProject
Global
	GlobalSection(SolutionConfiguration) = preSolution
		Debug = Debug
		Release = Release
	EndGlobalSection
	GlobalSection(ProjectConfiguration) = postSolution
		{69DA368D-E608-4049-A295-0E88E90F3D0E}.Debug.ActiveCfg = Debug|Win32
		{69DA368D-E608-4049-A295-0E88E90F3D0E}.Debug.Build.0 = Debug|Win32
		{69DA368D-E608-4049-A295-0E88E90F3D0E}.Release.ActiveCfg = Release|Win32
		{69DA368D-E608-4049-A295-0E88E90F3D0E}.Release.Build.0 = Release|Win32
	EndGlobalSection
	GlobalSection(ExtensibilityGlobals) = postSolution
	EndGlobalSection
	GlobalSection(ExtensibilityAddIns) = postSolution
	EndGlobalSection
EndGlobal
