<?xml version="1.0" encoding="utf-8"?>
<Project ToolsVersion="4.0" xmlns="http://schemas.microsoft.com/developer/msbuild/2003">
  <ItemGroup>
    <Filter Include="cpp">
      <UniqueIdentifier>{7d4bb92c-2327-45a0-ba67-8a29ef3addf5}</UniqueIdentifier>
    </Filter>
    <Filter Include="h">
      <UniqueIdentifier>{dde45996-375b-4e6b-8e47-6b6e302c6858}</UniqueIdentifier>
    </Filter>
  </ItemGroup>
  <ItemGroup>
    <ClCompile Include="..\algebra3.cpp">
      <Filter>cpp</Filter>
    </ClCompile>
    <ClCompile Include="..\arcball.cpp">
      <Filter>cpp</Filter>
    </ClCompile>
    <ClCompile Include="..\glui.cpp">
      <Filter>cpp</Filter>
    </ClCompile>
    <ClCompile Include="..\glui_add_controls.cpp">
      <Filter>cpp</Filter>
    </ClCompile>
    <ClCompile Include="..\glui_bitmap_img_data.cpp">
      <Filter>cpp</Filter>
    </ClCompile>
    <ClCompile Include="..\glui_bitmaps.cpp">
      <Filter>cpp</Filter>
    </ClCompile>
    <ClCompile Include="..\glui_button.cpp">
      <Filter>cpp</Filter>
    </ClCompile>
    <ClCompile Include="..\glui_checkbox.cpp">
      <Filter>cpp</Filter>
    </ClCompile>
    <ClCompile Include="..\glui_column.cpp">
      <Filter>cpp</Filter>
    </ClCompile>
    <ClCompile Include="..\glui_commandline.cpp">
      <Filter>cpp</Filter>
    </ClCompile>
    <ClCompile Include="..\glui_control.cpp">
      <Filter>cpp</Filter>
    </ClCompile>
    <ClCompile Include="..\glui_edittext.cpp">
      <Filter>cpp</Filter>
    </ClCompile>
    <ClCompile Include="..\glui_filebrowser.cpp">
      <Filter>cpp</Filter>
    </ClCompile>
    <ClCompile Include="..\glui_list.cpp">
      <Filter>cpp</Filter>
    </ClCompile>
    <ClCompile Include="..\glui_listbox.cpp">
      <Filter>cpp</Filter>
    </ClCompile>
    <ClCompile Include="..\glui_mouse_iaction.cpp">
      <Filter>cpp</Filter>
    </ClCompile>
    <ClCompile Include="..\glui_node.cpp">
      <Filter>cpp</Filter>
    </ClCompile>
    <ClCompile Include="..\glui_panel.cpp">
      <Filter>cpp</Filter>
    </ClCompile>
    <ClCompile Include="..\glui_radio.cpp">
      <Filter>cpp</Filter>
    </ClCompile>
    <ClCompile Include="..\glui_rollout.cpp">
      <Filter>cpp</Filter>
    </ClCompile>
    <ClCompile Include="..\glui_rotation.cpp">
      <Filter>cpp</Filter>
    </ClCompile>
    <ClCompile Include="..\glui_scrollbar.cpp">
      <Filter>cpp</Filter>
    </ClCompile>
    <ClCompile Include="..\glui_separator.cpp">
      <Filter>cpp</Filter>
    </ClCompile>
    <ClCompile Include="..\glui_spinner.cpp">
      <Filter>cpp</Filter>
    </ClCompile>
    <ClCompile Include="..\glui_statictext.cpp">
      <Filter>cpp</Filter>
    </ClCompile>
    <ClCompile Include="..\glui_string.cpp">
      <Filter>cpp</Filter>
    </ClCompile>
    <ClCompile Include="..\glui_textbox.cpp">
      <Filter>cpp</Filter>
    </ClCompile>
    <ClCompile Include="..\glui_translation.cpp">
      <Filter>cpp</Filter>
    </ClCompile>
    <ClCompile Include="..\glui_tree.cpp">
      <Filter>cpp</Filter>
    </ClCompile>
    <ClCompile Include="..\glui_treepanel.cpp">
      <Filter>cpp</Filter>
    </ClCompile>
    <ClCompile Include="..\glui_window.cpp">
      <Filter>cpp</Filter>
    </ClCompile>
    <ClCompile Include="..\quaternion.cpp">
      <Filter>cpp</Filter>
    </ClCompile>
    <ClCompile Include="..\viewmodel.cpp">
      <Filter>cpp</Filter>
    </ClCompile>
  </ItemGroup>
  <ItemGroup>
    <ClInclude Include="..\algebra3.h">
      <Filter>h</Filter>
    </ClInclude>
    <ClInclude Include="..\arcball.h">
      <Filter>h</Filter>
    </ClInclude>
    <ClInclude Include="..\..\..\..\..\include\Gl\glui.h">
      <Filter>h</Filter>
    </ClInclude>
    <ClInclude Include="..\glui_internal.h">
      <Filter>h</Filter>
    </ClInclude>
    <ClInclude Include="..\glui_internal_control.h">
      <Filter>h</Filter>
    </ClInclude>
    <ClInclude Include="..\quaternion.h">
      <Filter>h</Filter>
    </ClInclude>
    <ClInclude Include="..\viewmodel.h">
      <Filter>h</Filter>
    </ClInclude>
  </ItemGroup>
</Project>